Microsoft Visual Studio Solution File, Format Version 12.00
# Visual Studio Version 17
VisualStudioVersion = 17.5.2.0
MinimumVisualStudioVersion = 10.0.40219.1
Project("{FAE04EC0-301F-11D3-BF4B-00C04F79EFBC}") = "Jellyfin.Plugin.AutoCollections", "Jellyfin.Plugin.AutoCollections.csproj", "{21341A5B-B137-4C11-D286-F31A77282165}"
EndProject
Global
	GlobalSection(SolutionConfigurationPlatforms) = preSolution
		Debug|Any CPU = Debug|Any CPU
		Release|Any CPU = Release|Any CPU
	EndGlobalSection
	GlobalSection(ProjectConfigurationPlatforms) = postSolution
		{21341A5B-B137-4C11-D286-F31A77282165}.Debug|Any CPU.ActiveCfg = Debug|Any CPU
		{21341A5B-B137-4C11-D286-F31A77282165}.Debug|Any CPU.Build.0 = Debug|Any CPU
		{21341A5B-B137-4C11-D286-F31A77282165}.Release|Any CPU.ActiveCfg = Release|Any CPU
		{21341A5B-B137-4C11-D286-F31A77282165}.Release|Any CPU.Build.0 = Release|Any CPU
	EndGlobalSection
	GlobalSection(SolutionProperties) = preSolution
		HideSolutionNode = FALSE
	EndGlobalSection
	GlobalSection(ExtensibilityGlobals) = postSolution
		SolutionGuid = {94ECFAD3-4DDD-4D42-88AE-6566971C5414}
	EndGlobalSection
EndGlobal
